
Microsoft Visual Studio Solution File, Format Version 12.00
# Visual Studio Version 16
VisualStudioVersion = 16.0.29609.76
MinimumVisualStudioVersion = 10.0.40219.1
Project("{FAE04EC0-301F-11D3-BF4B-00C04F79EFBC}") = "TTB", "TeraToolboxConcept\TTB.csproj", "{BEB55478-9FE5-4D3E-A0F0-6DCB885208FA}"
EndProject
Global
	GlobalSection(SolutionConfigurationPlatforms) = preSolution
		Debug|Any CPU = Debug|Any CPU
		Debug|x64 = Debug|x64
		Release|Any CPU = Release|Any CPU
		Release|x64 = Release|x64
	EndGlobalSection
	GlobalSection(ProjectConfigurationPlatforms) = postSolution
		{BEB55478-9FE5-4D3E-A0F0-6DCB885208FA}.Debug|Any CPU.ActiveCfg = Debug|Any CPU
		{BEB55478-9FE5-4D3E-A0F0-6DCB885208FA}.Debug|Any CPU.Build.0 = Debug|Any CPU
		{BEB55478-9FE5-4D3E-A0F0-6DCB885208FA}.Debug|x64.ActiveCfg = Debug|x64
		{BEB55478-9FE5-4D3E-A0F0-6DCB885208FA}.Debug|x64.Build.0 = Debug|x64
		{BEB55478-9FE5-4D3E-A0F0-6DCB885208FA}.Release|Any CPU.ActiveCfg = Release|Any CPU
		{BEB55478-9FE5-4D3E-A0F0-6DCB885208FA}.Release|Any CPU.Build.0 = Release|Any CPU
		{BEB55478-9FE5-4D3E-A0F0-6DCB885208FA}.Release|x64.ActiveCfg = Release|x64
		{BEB55478-9FE5-4D3E-A0F0-6DCB885208FA}.Release|x64.Build.0 = Release|x64
	EndGlobalSection
	GlobalSection(SolutionProperties) = preSolution
		HideSolutionNode = FALSE
	EndGlobalSection
	GlobalSection(ExtensibilityGlobals) = postSolution
		SolutionGuid = {14248FB6-0D94-400D-A819-773A67D509D1}
	EndGlobalSection
EndGlobal
